
Microsoft Visual Studio Solution File, Format Version 12.00
# Visual Studio Version 17
VisualStudioVersion = 17.0.31903.59
MinimumVisualStudioVersion = 10.0.40219.1
Project("{2150E333-8FDC-42A3-9474-1A3956D46DE8}") = "src", "src", "{466DC4C3-E480-4829-8A9D-E03AFEA08899}"
EndProject
Project("{FAE04EC0-301F-11D3-BF4B-00C04F79EFBC}") = "NameGen.API", "src\NameGen.API\NameGen.API.csproj", "{CBE6FD06-BCCB-4907-9DC0-31553BAF7417}"
EndProject
Project("{FAE04EC0-301F-11D3-BF4B-00C04F79EFBC}") = "NameGen.Core", "src\NameGen.Core\NameGen.Core.csproj", "{6B3F3645-292E-43E2-B816-132816A9CA4A}"
EndProject
Project("{FAE04EC0-301F-11D3-BF4B-00C04F79EFBC}") = "NameGen.Infrastructure", "src\NameGen.Infrastructure\NameGen.Infrastructure.csproj", "{95112CE2-FB5A-4F72-9495-CDEB160F81B5}"
EndProject
Project("{FAE04EC0-301F-11D3-BF4B-00C04F79EFBC}") = "NameGen.Web", "src\NameGen.Web\NameGen.Web.csproj", "{3800ABA5-A3E0-4E38-A98D-EDE24F38FEC5}"
EndProject
Global
	GlobalSection(SolutionConfigurationPlatforms) = preSolution
		Debug|Any CPU = Debug|Any CPU
		Release|Any CPU = Release|Any CPU
	EndGlobalSection
	GlobalSection(SolutionProperties) = preSolution
		HideSolutionNode = FALSE
	EndGlobalSection
	GlobalSection(ProjectConfigurationPlatforms) = postSolution
		{CBE6FD06-BCCB-4907-9DC0-31553BAF7417}.Debug|Any CPU.ActiveCfg = Debug|Any CPU
		{CBE6FD06-BCCB-4907-9DC0-31553BAF7417}.Debug|Any CPU.Build.0 = Debug|Any CPU
		{CBE6FD06-BCCB-4907-9DC0-31553BAF7417}.Release|Any CPU.ActiveCfg = Release|Any CPU
		{CBE6FD06-BCCB-4907-9DC0-31553BAF7417}.Release|Any CPU.Build.0 = Release|Any CPU
		{6B3F3645-292E-43E2-B816-132816A9CA4A}.Debug|Any CPU.ActiveCfg = Debug|Any CPU
		{6B3F3645-292E-43E2-B816-132816A9CA4A}.Debug|Any CPU.Build.0 = Debug|Any CPU
		{6B3F3645-292E-43E2-B816-132816A9CA4A}.Release|Any CPU.ActiveCfg = Release|Any CPU
		{6B3F3645-292E-43E2-B816-132816A9CA4A}.Release|Any CPU.Build.0 = Release|Any CPU
		{95112CE2-FB5A-4F72-9495-CDEB160F81B5}.Debug|Any CPU.ActiveCfg = Debug|Any CPU
		{95112CE2-FB5A-4F72-9495-CDEB160F81B5}.Debug|Any CPU.Build.0 = Debug|Any CPU
		{95112CE2-FB5A-4F72-9495-CDEB160F81B5}.Release|Any CPU.ActiveCfg = Release|Any CPU
		{95112CE2-FB5A-4F72-9495-CDEB160F81B5}.Release|Any CPU.Build.0 = Release|Any CPU
		{3800ABA5-A3E0-4E38-A98D-EDE24F38FEC5}.Debug|Any CPU.ActiveCfg = Debug|Any CPU
		{3800ABA5-A3E0-4E38-A98D-EDE24F38FEC5}.Debug|Any CPU.Build.0 = Debug|Any CPU
		{3800ABA5-A3E0-4E38-A98D-EDE24F38FEC5}.Release|Any CPU.ActiveCfg = Release|Any CPU
		{3800ABA5-A3E0-4E38-A98D-EDE24F38FEC5}.Release|Any CPU.Build.0 = Release|Any CPU
	EndGlobalSection
	GlobalSection(NestedProjects) = preSolution
		{CBE6FD06-BCCB-4907-9DC0-31553BAF7417} = {466DC4C3-E480-4829-8A9D-E03AFEA08899}
		{6B3F3645-292E-43E2-B816-132816A9CA4A} = {466DC4C3-E480-4829-8A9D-E03AFEA08899}
		{95112CE2-FB5A-4F72-9495-CDEB160F81B5} = {466DC4C3-E480-4829-8A9D-E03AFEA08899}
		{3800ABA5-A3E0-4E38-A98D-EDE24F38FEC5} = {466DC4C3-E480-4829-8A9D-E03AFEA08899}
	EndGlobalSection
EndGlobal
